{
  "name": "@infrix/packages",
  "version": "0.0.0",
  "lockfileVersion": 3,
  "requires": true,
  "packages": {
    "": {
      "name": "@infrix/packages",
      "version": "0.0.0",
      "license": "MIT",
      "workspaces": [
        "golden-escrow",
        "metamask",
        "proof-receipt",
        "nexus-embed",
        "cinema-embed"
      ]
    },
    "cinema-embed": {
      "name": "@infrix/cinema-embed",
      "version": "0.1.0",
      "license": "MIT"
    },
    "golden-escrow": {
      "name": "@infrix/golden-escrow",
      "version": "0.1.0",
      "license": "MIT",
      "dependencies": {
        "@infrix/proof-receipt": "^0.1.0"
      },
      "peerDependencies": {
        "@infrix/client": "^0.1.0"
      },
      "peerDependenciesMeta": {
        "@infrix/client": {
          "optional": true
        }
      }
    },
    "metamask": {
      "name": "@infrix/metamask",
      "version": "0.1.0",
      "license": "MIT",
      "peerDependencies": {
        "@infrix/client": "^0.1.0"
      },
      "peerDependenciesMeta": {
        "@infrix/client": {
          "optional": true
        }
      }
    },
    "nexus-embed": {
      "name": "@infrix/nexus-embed",
      "version": "0.1.0",
      "license": "MIT"
    },
    "node_modules/@infrix/cinema-embed": {
      "resolved": "cinema-embed",
      "link": true
    },
    "node_modules/@infrix/golden-escrow": {
      "resolved": "golden-escrow",
      "link": true
    },
    "node_modules/@infrix/metamask": {
      "resolved": "metamask",
      "link": true
    },
    "node_modules/@infrix/nexus-embed": {
      "resolved": "nexus-embed",
      "link": true
    },
    "node_modules/@infrix/proof-receipt": {
      "resolved": "proof-receipt",
      "link": true
    },
    "proof-receipt": {
      "name": "@infrix/proof-receipt",
      "version": "0.1.0",
      "license": "MIT"
    }
  }
}
